// !$*UTF8*$!
{
	archiveVersion = 1;
	classes = {
	};
	objectVersion = 56;
	objects = {

/* Begin PBXBuildFile section */
		34135E272A03BCB9006F68A1 /* AppDelegate.swift in Sources */ = {isa = PBXBuildFile; fileRef = 34135E1D2A03BCB8006F68A1 /* AppDelegate.swift */; };
		34135E292A03BCB9006F68A1 /* Assets.xcassets in Resources */ = {isa = PBXBuildFile; fileRef = 34135E202A03BCB9006F68A1 /* Assets.xcassets */; };
		34135E2A2A03BCB9006F68A1 /* LaunchScreen.storyboard in Resources */ = {isa = PBXBuildFile; fileRef = 34135E212A03BCB9006F68A1 /* LaunchScreen.storyboard */; };
		34135E302A03BF86006F68A1 /* GridViewController.swift in Sources */ = {isa = PBXBuildFile; fileRef = 34135E2F2A03BF86006F68A1 /* GridViewController.swift */; };
		34135E322A03BF93006F68A1 /* GridViewController.xib in Resources */ = {isa = PBXBuildFile; fileRef = 34135E312A03BF93006F68A1 /* GridViewController.xib */; };
		34135E372A03C27A006F68A1 /* LocalStorage.swift in Sources */ = {isa = PBXBuildFile; fileRef = 34135E362A03C27A006F68A1 /* LocalStorage.swift */; };
		34135E3B2A03C28D006F68A1 /* Cat.swift in Sources */ = {isa = PBXBuildFile; fileRef = 34135E3A2A03C28D006F68A1 /* Cat.swift */; };
		34135E3D2A03C32C006F68A1 /* SimpleDI.swift in Sources */ = {isa = PBXBuildFile; fileRef = 34135E3C2A03C32C006F68A1 /* SimpleDI.swift */; };
		34135E3F2A03C38A006F68A1 /* ErrorMessage.swift in Sources */ = {isa = PBXBuildFile; fileRef = 34135E3E2A03C38A006F68A1 /* ErrorMessage.swift */; };
		34135E422A03C9C9006F68A1 /* NukeUI in Frameworks */ = {isa = PBXBuildFile; productRef = 34135E412A03C9C9006F68A1 /* NukeUI */; };
		34135E442A03CB45006F68A1 /* FlowCoordinator.swift in Sources */ = {isa = PBXBuildFile; fileRef = 34135E432A03CB45006F68A1 /* FlowCoordinator.swift */; };
		34135E462A03CBE7006F68A1 /* GridViewModel.swift in Sources */ = {isa = PBXBuildFile; fileRef = 34135E452A03CBE7006F68A1 /* GridViewModel.swift */; };
/* End PBXBuildFile section */

/* Begin PBXFileReference section */
		34135E042A03BC5E006F68A1 /* CatsLibrary.app */ = {isa = PBXFileReference; explicitFileType = wrapper.application; includeInIndex = 0; path = CatsLibrary.app; sourceTree = BUILT_PRODUCTS_DIR; };
		34135E1D2A03BCB8006F68A1 /* AppDelegate.swift */ = {isa = PBXFileReference; fileEncoding = 4; lastKnownFileType = sourcecode.swift; path = AppDelegate.swift; sourceTree = "<group>"; };
		34135E202A03BCB9006F68A1 /* Assets.xcassets */ = {isa = PBXFileReference; lastKnownFileType = folder.assetcatalog; path = Assets.xcassets; sourceTree = "<group>"; };
		34135E222A03BCB9006F68A1 /* Base */ = {isa = PBXFileReference; lastKnownFileType = file.storyboard; name = Base; path = Base.lproj/LaunchScreen.storyboard; sourceTree = "<group>"; };
		34135E252A03BCB9006F68A1 /* Info.plist */ = {isa = PBXFileReference; fileEncoding = 4; lastKnownFileType = text.plist.xml; path = Info.plist; sourceTree = "<group>"; };
		34135E2F2A03BF86006F68A1 /* GridViewController.swift */ = {isa = PBXFileReference; lastKnownFileType = sourcecode.swift; path = GridViewController.swift; sourceTree = "<group>"; };
		34135E312A03BF93006F68A1 /* GridViewController.xib */ = {isa = PBXFileReference; lastKnownFileType = file.xib; path = GridViewController.xib; sourceTree = "<group>"; };
		34135E362A03C27A006F68A1 /* LocalStorage.swift */ = {isa = PBXFileReference; lastKnownFileType = sourcecode.swift; path = LocalStorage.swift; sourceTree = "<group>"; };
		34135E3A2A03C28D006F68A1 /* Cat.swift */ = {isa = PBXFileReference; lastKnownFileType = sourcecode.swift; path = Cat.swift; sourceTree = "<group>"; };
		34135E3C2A03C32C006F68A1 /* SimpleDI.swift */ = {isa = PBXFileReference; lastKnownFileType = sourcecode.swift; path = SimpleDI.swift; sourceTree = "<group>"; };
		34135E3E2A03C38A006F68A1 /* ErrorMessage.swift */ = {isa = PBXFileReference; lastKnownFileType = sourcecode.swift; path = ErrorMessage.swift; sourceTree = "<group>"; };
		34135E432A03CB45006F68A1 /* FlowCoordinator.swift */ = {isa = PBXFileReference; lastKnownFileType = sourcecode.swift; path = FlowCoordinator.swift; sourceTree = "<group>"; };
		34135E452A03CBE7006F68A1 /* GridViewModel.swift */ = {isa = PBXFileReference; lastKnownFileType = sourcecode.swift; path = GridViewModel.swift; sourceTree = "<group>"; };
/* End PBXFileReference section */

/* Begin PBXFrameworksBuildPhase section */
		34135E012A03BC5E006F68A1 /* Frameworks */ = {
			isa = PBXFrameworksBuildPhase;
			buildActionMask = 2147483647;
			files = (
				34135E422A03C9C9006F68A1 /* NukeUI in Frameworks */,
			);
			runOnlyForDeploymentPostprocessing = 0;
		};
/* End PBXFrameworksBuildPhase section */

/* Begin PBXGroup section */
		34135DFB2A03BC5E006F68A1 = {
			isa = PBXGroup;
			children = (
				34135E1F2A03BCB9006F68A1 /* Resources */,
				34135E1B2A03BCB8006F68A1 /* Source */,
				34135E052A03BC5E006F68A1 /* Products */,
			);
			sourceTree = "<group>";
		};
		34135E052A03BC5E006F68A1 /* Products */ = {
			isa = PBXGroup;
			children = (
				34135E042A03BC5E006F68A1 /* CatsLibrary.app */,
			);
			name = Products;
			sourceTree = "<group>";
		};
		34135E1B2A03BCB8006F68A1 /* Source */ = {
			isa = PBXGroup;
			children = (
				34135E1D2A03BCB8006F68A1 /* AppDelegate.swift */,
				34135E432A03CB45006F68A1 /* FlowCoordinator.swift */,
				34135E352A03C268006F68A1 /* Data */,
				34135E2D2A03BF7D006F68A1 /* Detail */,
				34135E2E2A03BF7D006F68A1 /* Grid */,
				34135E342A03C236006F68A1 /* Utils */,
			);
			path = Source;
			sourceTree = "<group>";
		};
		34135E1F2A03BCB9006F68A1 /* Resources */ = {
			isa = PBXGroup;
			children = (
				34135E202A03BCB9006F68A1 /* Assets.xcassets */,
				34135E212A03BCB9006F68A1 /* LaunchScreen.storyboard */,
				34135E252A03BCB9006F68A1 /* Info.plist */,
			);
			path = Resources;
			sourceTree = "<group>";
		};
		34135E2D2A03BF7D006F68A1 /* Detail */ = {
			isa = PBXGroup;
			children = (
			);
			path = Detail;
			sourceTree = "<group>";
		};
		34135E2E2A03BF7D006F68A1 /* Grid */ = {
			isa = PBXGroup;
			children = (
				34135E2F2A03BF86006F68A1 /* GridViewController.swift */,
				34135E312A03BF93006F68A1 /* GridViewController.xib */,
				34135E452A03CBE7006F68A1 /* GridViewModel.swift */,
			);
			path = Grid;
			sourceTree = "<group>";
		};
		34135E342A03C236006F68A1 /* Utils */ = {
			isa = PBXGroup;
			children = (
				34135E3C2A03C32C006F68A1 /* SimpleDI.swift */,
				34135E3E2A03C38A006F68A1 /* ErrorMessage.swift */,
			);
			path = Utils;
			sourceTree = "<group>";
		};
		34135E352A03C268006F68A1 /* Data */ = {
			isa = PBXGroup;
			children = (
				34135E3A2A03C28D006F68A1 /* Cat.swift */,
				34135E362A03C27A006F68A1 /* LocalStorage.swift */,
			);
			path = Data;
			sourceTree = "<group>";
		};
/* End PBXGroup section */

/* Begin PBXNativeTarget section */
		34135E032A03BC5E006F68A1 /* CatsLibrary */ = {
			isa = PBXNativeTarget;
			buildConfigurationList = 34135E182A03BC5F006F68A1 /* Build configuration list for PBXNativeTarget "CatsLibrary" */;
			buildPhases = (
				34135E002A03BC5E006F68A1 /* Sources */,
				34135E012A03BC5E006F68A1 /* Frameworks */,
				34135E022A03BC5E006F68A1 /* Resources */,
			);
			buildRules = (
			);
			dependencies = (
			);
			name = CatsLibrary;
			packageProductDependencies = (
				34135E412A03C9C9006F68A1 /* NukeUI */,
			);
			productName = CatsLibrary;
			productReference = 34135E042A03BC5E006F68A1 /* CatsLibrary.app */;
			productType = "com.apple.product-type.application";
		};
/* End PBXNativeTarget section */

/* Begin PBXProject section */
		34135DFC2A03BC5E006F68A1 /* Project object */ = {
			isa = PBXProject;
			attributes = {
				BuildIndependentTargetsInParallel = 1;
				LastSwiftUpdateCheck = 1430;
				LastUpgradeCheck = 1430;
				TargetAttributes = {
					34135E032A03BC5E006F68A1 = {
						CreatedOnToolsVersion = 14.3;
					};
				};
			};
			buildConfigurationList = 34135DFF2A03BC5E006F68A1 /* Build configuration list for PBXProject "CatsLibrary" */;
			compatibilityVersion = "Xcode 14.0";
			developmentRegion = en;
			hasScannedForEncodings = 0;
			knownRegions = (
				en,
				Base,
			);
			mainGroup = 34135DFB2A03BC5E006F68A1;
			packageReferences = (
				34135E402A03C9C9006F68A1 /* XCRemoteSwiftPackageReference "Nuke" */,
			);
			productRefGroup = 34135E052A03BC5E006F68A1 /* Products */;
			projectDirPath = "";
			projectRoot = "";
			targets = (
				34135E032A03BC5E006F68A1 /* CatsLibrary */,
			);
		};
/* End PBXProject section */

/* Begin PBXResourcesBuildPhase section */
		34135E022A03BC5E006F68A1 /* Resources */ = {
			isa = PBXResourcesBuildPhase;
			buildActionMask = 2147483647;
			files = (
				34135E292A03BCB9006F68A1 /* Assets.xcassets in Resources */,
				34135E2A2A03BCB9006F68A1 /* LaunchScreen.storyboard in Resources */,
				34135E322A03BF93006F68A1 /* GridViewController.xib in Resources */,
			);
			runOnlyForDeploymentPostprocessing = 0;
		};
/* End PBXResourcesBuildPhase section */

/* Begin PBXSourcesBuildPhase section */
		34135E002A03BC5E006F68A1 /* Sources */ = {
			isa = PBXSourcesBuildPhase;
			buildActionMask = 2147483647;
			files = (
				34135E372A03C27A006F68A1 /* LocalStorage.swift in Sources */,
				34135E302A03BF86006F68A1 /* GridViewController.swift in Sources */,
				34135E3B2A03C28D006F68A1 /* Cat.swift in Sources */,
				34135E462A03CBE7006F68A1 /* GridViewModel.swift in Sources */,
				34135E442A03CB45006F68A1 /* FlowCoordinator.swift in Sources */,
				34135E3D2A03C32C006F68A1 /* SimpleDI.swift in Sources */,
				34135E272A03BCB9006F68A1 /* AppDelegate.swift in Sources */,
				34135E3F2A03C38A006F68A1 /* ErrorMessage.swift in Sources */,
			);
			runOnlyForDeploymentPostprocessing = 0;
		};
/* End PBXSourcesBuildPhase section */

/* Begin PBXVariantGroup section */
		34135E212A03BCB9006F68A1 /* LaunchScreen.storyboard */ = {
			isa = PBXVariantGroup;
			children = (
				34135E222A03BCB9006F68A1 /* Base */,
			);
			name = LaunchScreen.storyboard;
			sourceTree = "<group>";
		};
/* End PBXVariantGroup section */

/* Begin XCBuildConfiguration section */
		34135E162A03BC5F006F68A1 /* Debug */ = {
			isa = XCBuildConfiguration;
			buildSettings = {
				ALWAYS_SEARCH_USER_PATHS = NO;
				CLANG_ANALYZER_NONNULL = YES;
				CLANG_ANALYZER_NUMBER_OBJECT_CONVERSION = YES_AGGRESSIVE;
				CLANG_CXX_LANGUAGE_STANDARD = "gnu++20";
				CLANG_ENABLE_MODULES = YES;
				CLANG_ENABLE_OBJC_ARC = YES;
				CLANG_ENABLE_OBJC_WEAK = YES;
				CLANG_WARN_BLOCK_CAPTURE_AUTORELEASING = YES;
				CLANG_WARN_BOOL_CONVERSION = YES;
				CLANG_WARN_COMMA = YES;
				CLANG_WARN_CONSTANT_CONVERSION = YES;
				CLANG_WARN_DEPRECATED_OBJC_IMPLEMENTATIONS = YES;
				CLANG_WARN_DIRECT_OBJC_ISA_USAGE = YES_ERROR;
				CLANG_WARN_DOCUMENTATION_COMMENTS = YES;
				CLANG_WARN_EMPTY_BODY = YES;
				CLANG_WARN_ENUM_CONVERSION = YES;
				CLANG_WARN_INFINITE_RECURSION = YES;
				CLANG_WARN_INT_CONVERSION = YES;
				CLANG_WARN_NON_LITERAL_NULL_CONVERSION = YES;
				CLANG_WARN_OBJC_IMPLICIT_RETAIN_SELF = YES;
				CLANG_WARN_OBJC_LITERAL_CONVERSION = YES;
				CLANG_WARN_OBJC_ROOT_CLASS = YES_ERROR;
				CLANG_WARN_QUOTED_INCLUDE_IN_FRAMEWORK_HEADER = YES;
				CLANG_WARN_RANGE_LOOP_ANALYSIS = YES;
				CLANG_WARN_STRICT_PROTOTYPES = YES;
				CLANG_WARN_SUSPICIOUS_MOVE = YES;
				CLANG_WARN_UNGUARDED_AVAILABILITY = YES_AGGRESSIVE;
				CLANG_WARN_UNREACHABLE_CODE = YES;
				CLANG_WARN__DUPLICATE_METHOD_MATCH = YES;
				COPY_PHASE_STRIP = NO;
				DEBUG_INFORMATION_FORMAT = dwarf;
				ENABLE_STRICT_OBJC_MSGSEND = YES;
				ENABLE_TESTABILITY = YES;
				GCC_C_LANGUAGE_STANDARD = gnu11;
				GCC_DYNAMIC_NO_PIC = NO;
				GCC_NO_COMMON_BLOCKS = YES;
				GCC_OPTIMIZATION_LEVEL = 0;
				GCC_PREPROCESSOR_DEFINITIONS = (
					"DEBUG=1",
					"$(inherited)",
				);
				GCC_WARN_64_TO_32_BIT_CONVERSION = YES;
				GCC_WARN_ABOUT_RETURN_TYPE = YES_ERROR;
				GCC_WARN_UNDECLARED_SELECTOR = YES;
				GCC_WARN_UNINITIALIZED_AUTOS = YES_AGGRESSIVE;
				GCC_WARN_UNUSED_FUNCTION = YES;
				GCC_WARN_UNUSED_VARIABLE = YES;
				IPHONEOS_DEPLOYMENT_TARGET = 16.4;
				MTL_ENABLE_DEBUG_INFO = INCLUDE_SOURCE;
				MTL_FAST_MATH = YES;
				ONLY_ACTIVE_ARCH = YES;
				SDKROOT = iphoneos;
				SWIFT_ACTIVE_COMPILATION_CONDITIONS = DEBUG;
				SWIFT_OPTIMIZATION_LEVEL = "-Onone";
			};
			name = Debug;
		};
		34135E172A03BC5F006F68A1 /* Release */ = {
			isa = XCBuildConfiguration;
			buildSettings = {
				ALWAYS_SEARCH_USER_PATHS = NO;
				CLANG_ANALYZER_NONNULL = YES;
				CLANG_ANALYZER_NUMBER_OBJECT_CONVERSION = YES_AGGRESSIVE;
				CLANG_CXX_LANGUAGE_STANDARD = "gnu++20";
				CLANG_ENABLE_MODULES = YES;
				CLANG_ENABLE_OBJC_ARC = YES;
				CLANG_ENABLE_OBJC_WEAK = YES;
				CLANG_WARN_BLOCK_CAPTURE_AUTORELEASING = YES;
				CLANG_WARN_BOOL_CONVERSION = YES;
				CLANG_WARN_COMMA = YES;
				CLANG_WARN_CONSTANT_CONVERSION = YES;
				CLANG_WARN_DEPRECATED_OBJC_IMPLEMENTATIONS = YES;
				CLANG_WARN_DIRECT_OBJC_ISA_USAGE = YES_ERROR;
				CLANG_WARN_DOCUMENTATION_COMMENTS = YES;
				CLANG_WARN_EMPTY_BODY = YES;
				CLANG_WARN_ENUM_CONVERSION = YES;
				CLANG_WARN_INFINITE_RECURSION = YES;
				CLANG_WARN_INT_CONVERSION = YES;
				CLANG_WARN_NON_LITERAL_NULL_CONVERSION = YES;
				CLANG_WARN_OBJC_IMPLICIT_RETAIN_SELF = YES;
				CLANG_WARN_OBJC_LITERAL_CONVERSION = YES;
				CLANG_WARN_OBJC_ROOT_CLASS = YES_ERROR;
				CLANG_WARN_QUOTED_INCLUDE_IN_FRAMEWORK_HEADER = YES;
				CLANG_WARN_RANGE_LOOP_ANALYSIS = YES;
				CLANG_WARN_STRICT_PROTOTYPES = YES;
				CLANG_WARN_SUSPICIOUS_MOVE = YES;
				CLANG_WARN_UNGUARDED_AVAILABILITY = YES_AGGRESSIVE;
				CLANG_WARN_UNREACHABLE_CODE = YES;
				CLANG_WARN__DUPLICATE_METHOD_MATCH = YES;
				COPY_PHASE_STRIP = NO;
				DEBUG_INFORMATION_FORMAT = "dwarf-with-dsym";
				ENABLE_NS_ASSERTIONS = NO;
				ENABLE_STRICT_OBJC_MSGSEND = YES;
				GCC_C_LANGUAGE_STANDARD = gnu11;
				GCC_NO_COMMON_BLOCKS = YES;
				GCC_WARN_64_TO_32_BIT_CONVERSION = YES;
				GCC_WARN_ABOUT_RETURN_TYPE = YES_ERROR;
				GCC_WARN_UNDECLARED_SELECTOR = YES;
				GCC_WARN_UNINITIALIZED_AUTOS = YES_AGGRESSIVE;
				GCC_WARN_UNUSED_FUNCTION = YES;
				GCC_WARN_UNUSED_VARIABLE = YES;
				IPHONEOS_DEPLOYMENT_TARGET = 16.4;
				MTL_ENABLE_DEBUG_INFO = NO;
				MTL_FAST_MATH = YES;
				SDKROOT = iphoneos;
				SWIFT_COMPILATION_MODE = wholemodule;
				SWIFT_OPTIMIZATION_LEVEL = "-O";
				VALIDATE_PRODUCT = YES;
			};
			name = Release;
		};
		34135E192A03BC5F006F68A1 /* Debug */ = {
			isa = XCBuildConfiguration;
			buildSettings = {
				ASSETCATALOG_COMPILER_APPICON_NAME = AppIcon;
				ASSETCATALOG_COMPILER_GLOBAL_ACCENT_COLOR_NAME = AccentColor;
				CODE_SIGN_STYLE = Automatic;
				CURRENT_PROJECT_VERSION = 1;
				GENERATE_INFOPLIST_FILE = YES;
				INFOPLIST_FILE = Resources/Info.plist;
				INFOPLIST_KEY_UIApplicationSupportsIndirectInputEvents = YES;
				INFOPLIST_KEY_UILaunchStoryboardName = LaunchScreen;
				INFOPLIST_KEY_UISupportedInterfaceOrientations = UIInterfaceOrientationPortrait;
				INFOPLIST_KEY_UISupportedInterfaceOrientations_iPad = "UIInterfaceOrientationLandscapeLeft UIInterfaceOrientationLandscapeRight UIInterfaceOrientationPortrait UIInterfaceOrientationPortraitUpsideDown";
				LD_RUNPATH_SEARCH_PATHS = (
					"$(inherited)",
					"@executable_path/Frameworks",
				);
				MARKETING_VERSION = 1.0;
				PRODUCT_BUNDLE_IDENTIFIER = com.chlup.CatsLibrary;
				PRODUCT_NAME = "$(TARGET_NAME)";
				SUPPORTED_PLATFORMS = "iphoneos iphonesimulator";
				SUPPORTS_MACCATALYST = NO;
				SUPPORTS_MAC_DESIGNED_FOR_IPHONE_IPAD = NO;
				SWIFT_EMIT_LOC_STRINGS = YES;
				SWIFT_VERSION = 5.0;
				TARGETED_DEVICE_FAMILY = 1;
			};
			name = Debug;
		};
		34135E1A2A03BC5F006F68A1 /* Release */ = {
			isa = XCBuildConfiguration;
			buildSettings = {
				ASSETCATALOG_COMPILER_APPICON_NAME = AppIcon;
				ASSETCATALOG_COMPILER_GLOBAL_ACCENT_COLOR_NAME = AccentColor;
				CODE_SIGN_STYLE = Automatic;
				CURRENT_PROJECT_VERSION = 1;
				GENERATE_INFOPLIST_FILE = YES;
				INFOPLIST_FILE = Resources/Info.plist;
				INFOPLIST_KEY_UIApplicationSupportsIndirectInputEvents = YES;
				INFOPLIST_KEY_UILaunchStoryboardName = LaunchScreen;
				INFOPLIST_KEY_UISupportedInterfaceOrientations = UIInterfaceOrientationPortrait;
				INFOPLIST_KEY_UISupportedInterfaceOrientations_iPad = "UIInterfaceOrientationLandscapeLeft UIInterfaceOrientationLandscapeRight UIInterfaceOrientationPortrait UIInterfaceOrientationPortraitUpsideDown";
				LD_RUNPATH_SEARCH_PATHS = (
					"$(inherited)",
					"@executable_path/Frameworks",
				);
				MARKETING_VERSION = 1.0;
				PRODUCT_BUNDLE_IDENTIFIER = com.chlup.CatsLibrary;
				PRODUCT_NAME = "$(TARGET_NAME)";
				SUPPORTED_PLATFORMS = "iphoneos iphonesimulator";
				SUPPORTS_MACCATALYST = NO;
				SUPPORTS_MAC_DESIGNED_FOR_IPHONE_IPAD = NO;
				SWIFT_EMIT_LOC_STRINGS = YES;
				SWIFT_VERSION = 5.0;
				TARGETED_DEVICE_FAMILY = 1;
			};
			name = Release;
		};
/* End XCBuildConfiguration section */

/* Begin XCConfigurationList section */
		34135DFF2A03BC5E006F68A1 /* Build configuration list for PBXProject "CatsLibrary" */ = {
			isa = XCConfigurationList;
			buildConfigurations = (
				34135E162A03BC5F006F68A1 /* Debug */,
				34135E172A03BC5F006F68A1 /* Release */,
			);
			defaultConfigurationIsVisible = 0;
			defaultConfigurationName = Release;
		};
		34135E182A03BC5F006F68A1 /* Build configuration list for PBXNativeTarget "CatsLibrary" */ = {
			isa = XCConfigurationList;
			buildConfigurations = (
				34135E192A03BC5F006F68A1 /* Debug */,
				34135E1A2A03BC5F006F68A1 /* Release */,
			);
			defaultConfigurationIsVisible = 0;
			defaultConfigurationName = Release;
		};
/* End XCConfigurationList section */

/* Begin XCRemoteSwiftPackageReference section */
		34135E402A03C9C9006F68A1 /* XCRemoteSwiftPackageReference "Nuke" */ = {
			isa = XCRemoteSwiftPackageReference;
			repositoryURL = "https://github.com/kean/Nuke";
			requirement = {
				kind = upToNextMajorVersion;
				minimumVersion = 12.0.0;
			};
		};
/* End XCRemoteSwiftPackageReference section */

/* Begin XCSwiftPackageProductDependency section */
		34135E412A03C9C9006F68A1 /* NukeUI */ = {
			isa = XCSwiftPackageProductDependency;
			package = 34135E402A03C9C9006F68A1 /* XCRemoteSwiftPackageReference "Nuke" */;
			productName = NukeUI;
		};
/* End XCSwiftPackageProductDependency section */
	};
	rootObject = 34135DFC2A03BC5E006F68A1 /* Project object */;
}
